
Microsoft Visual Studio Solution File, Format Version 12.00
# Visual Studio 15
Project("{FAE04EC0-301F-11D3-BF4B-00C04F79EFBC}") = "UnityEngine.TestRunner", "UnityEngine.TestRunner.csproj", "{924D046E-BC00-7878-39C6-861004203D18}"
EndProject
Project("{FAE04EC0-301F-11D3-BF4B-00C04F79EFBC}") = "Unity.Postprocessing.Runtime", "Unity.Postprocessing.Runtime.csproj", "{864C7FB0-2D91-1CE8-DA56-73F2EFCA43A4}"
EndProject
Project("{FAE04EC0-301F-11D3-BF4B-00C04F79EFBC}") = "VRMShaders.VRM10.MToon10.Runtime", "VRMShaders.VRM10.MToon10.Runtime.csproj", "{D01C6BC3-5DAB-E90E-1C40-EE0CAFE1D89B}"
EndProject
Project("{FAE04EC0-301F-11D3-BF4B-00C04F79EFBC}") = "UniGLTF", "UniGLTF.csproj", "{FAF6D856-A784-9F3B-337C-8834000D8B79}"
EndProject
Project("{FAE04EC0-301F-11D3-BF4B-00C04F79EFBC}") = "UnityEngine.UI", "UnityEngine.UI.csproj", "{B1B96B5D-3524-00AA-AA4C-904A5ACC99C0}"
EndProject
Project("{FAE04EC0-301F-11D3-BF4B-00C04F79EFBC}") = "Unity.TextMeshPro", "Unity.TextMeshPro.csproj", "{54C12D9C-1A68-BBEE-28DE-2BC191937BAD}"
EndProject
Project("{FAE04EC0-301F-11D3-BF4B-00C04F79EFBC}") = "Unity.Timeline", "Unity.Timeline.csproj", "{871F75F7-0D70-DF8B-2E52-DB25D9018FC7}"
EndProject
Project("{FAE04EC0-301F-11D3-BF4B-00C04F79EFBC}") = "VRM", "VRM.csproj", "{DE2891B2-98C5-5AB2-CFD0-E59584B76D75}"
EndProject
Project("{FAE04EC0-301F-11D3-BF4B-00C04F79EFBC}") = "FastSpringBone", "FastSpringBone.csproj", "{7A522A01-C8AB-EAE5-BE7A-4B20D96618EF}"
EndProject
Project("{FAE04EC0-301F-11D3-BF4B-00C04F79EFBC}") = "VRMShaders.GLTF.IO.Runtime", "VRMShaders.GLTF.IO.Runtime.csproj", "{0E78612B-8EFB-2B3E-DA58-B1B225681525}"
EndProject
Project("{FAE04EC0-301F-11D3-BF4B-00C04F79EFBC}") = "MToon", "MToon.csproj", "{769ABE06-830C-8C1C-4CDD-0D040FCB88C1}"
EndProject
Project("{FAE04EC0-301F-11D3-BF4B-00C04F79EFBC}") = "UniHumanoid", "UniHumanoid.csproj", "{7FC241DB-B14B-34B7-B085-5B91337C9B68}"
EndProject
Project("{FAE04EC0-301F-11D3-BF4B-00C04F79EFBC}") = "VRMShaders.GLTF.UniUnlit.Runtime", "VRMShaders.GLTF.UniUnlit.Runtime.csproj", "{6B7151B6-3B91-D8E2-3914-C92E9A9A7129}"
EndProject
Project("{FAE04EC0-301F-11D3-BF4B-00C04F79EFBC}") = "VRMShaders.VRM.IO.Runtime", "VRMShaders.VRM.IO.Runtime.csproj", "{262CC8BA-D839-FBE1-FC3C-25374C424A85}"
EndProject
Project("{FAE04EC0-301F-11D3-BF4B-00C04F79EFBC}") = "Assembly-CSharp", "Assembly-CSharp.csproj", "{30455627-0C9E-C059-D5EF-669FC1082DB9}"
EndProject
Project("{FAE04EC0-301F-11D3-BF4B-00C04F79EFBC}") = "UniGLTF.Samples.ScreenSpace", "UniGLTF.Samples.ScreenSpace.csproj", "{3D16C0A7-94F6-0EF0-2BD5-1956D81FB148}"
EndProject
Project("{FAE04EC0-301F-11D3-BF4B-00C04F79EFBC}") = "VRMShaders.VRM10.Format.Runtime", "VRMShaders.VRM10.Format.Runtime.csproj", "{CD3FC38B-9A18-2FA6-434E-4A7CEEB9B281}"
EndProject
Project("{FAE04EC0-301F-11D3-BF4B-00C04F79EFBC}") = "UnityEditor.TestRunner", "UnityEditor.TestRunner.csproj", "{0075D654-2487-81FD-2632-FFB4F2D7ACFC}"
EndProject
Project("{FAE04EC0-301F-11D3-BF4B-00C04F79EFBC}") = "Unity.VisualStudio.Editor", "Unity.VisualStudio.Editor.csproj", "{251CD6E0-BC43-5D10-2723-28A7A68B90D9}"
EndProject
Project("{FAE04EC0-301F-11D3-BF4B-00C04F79EFBC}") = "Unity.TextMeshPro.Editor", "Unity.TextMeshPro.Editor.csproj", "{09E31E5D-ECAB-3213-A467-2B50E282536B}"
EndProject
Project("{FAE04EC0-301F-11D3-BF4B-00C04F79EFBC}") = "Unity.Timeline.Editor", "Unity.Timeline.Editor.csproj", "{215FB9B7-F1B3-6D5D-F41B-8CB259880426}"
EndProject
Project("{FAE04EC0-301F-11D3-BF4B-00C04F79EFBC}") = "VRMShaders.VRM10.MToon10.Editor", "VRMShaders.VRM10.MToon10.Editor.csproj", "{E4C3CA5A-5837-E501-6B63-6A61DE07A51A}"
EndProject
Project("{FAE04EC0-301F-11D3-BF4B-00C04F79EFBC}") = "Unity.PlasticSCM.Editor", "Unity.PlasticSCM.Editor.csproj", "{9F2B4FE1-7773-6A68-D3E1-CD2CDC58E743}"
EndProject
Project("{FAE04EC0-301F-11D3-BF4B-00C04F79EFBC}") = "Assembly-CSharp-Editor", "Assembly-CSharp-Editor.csproj", "{B7E13671-D6C0-0B4F-669A-845CBF54D53C}"
EndProject
Project("{FAE04EC0-301F-11D3-BF4B-00C04F79EFBC}") = "UniVRM.Editor", "UniVRM.Editor.csproj", "{71516F83-EC62-5584-0DB5-6229B50CFC91}"
EndProject
Project("{FAE04EC0-301F-11D3-BF4B-00C04F79EFBC}") = "UniGLTF.Editor", "UniGLTF.Editor.csproj", "{34370B35-9CA1-7846-0A94-FA2D4BBB95C7}"
EndProject
Project("{FAE04EC0-301F-11D3-BF4B-00C04F79EFBC}") = "UnityEditor.UI", "UnityEditor.UI.csproj", "{8B6293E9-562B-9C6F-1530-43B32B8FB839}"
EndProject
Project("{FAE04EC0-301F-11D3-BF4B-00C04F79EFBC}") = "UniGLTF.Tests", "UniGLTF.Tests.csproj", "{D8CB62E9-4BAC-9B26-D16D-64971202E001}"
EndProject
Project("{FAE04EC0-301F-11D3-BF4B-00C04F79EFBC}") = "VRM.Tests", "VRM.Tests.csproj", "{56A40766-48CE-3224-B31C-D097794A27BC}"
EndProject
Project("{FAE04EC0-301F-11D3-BF4B-00C04F79EFBC}") = "Unity.Rider.Editor", "Unity.Rider.Editor.csproj", "{355C57B9-B51C-09EA-7FA9-DE3C61B610CF}"
EndProject
Project("{FAE04EC0-301F-11D3-BF4B-00C04F79EFBC}") = "UniHumanoid.Editor", "UniHumanoid.Editor.csproj", "{A96D5804-4348-D88C-343A-88B729260123}"
EndProject
Project("{FAE04EC0-301F-11D3-BF4B-00C04F79EFBC}") = "Unity.Postprocessing.Editor", "Unity.Postprocessing.Editor.csproj", "{9F3848FE-7608-4432-CBE5-3C04D4F8C594}"
EndProject
Project("{FAE04EC0-301F-11D3-BF4B-00C04F79EFBC}") = "Unity.CollabProxy.Editor", "Unity.CollabProxy.Editor.csproj", "{4DF5396D-A80A-C556-5F0B-2859035DCDDA}"
EndProject
Project("{FAE04EC0-301F-11D3-BF4B-00C04F79EFBC}") = "Unity.VSCode.Editor", "Unity.VSCode.Editor.csproj", "{2A031288-1084-B062-003A-F394088B0F76}"
EndProject
Project("{FAE04EC0-301F-11D3-BF4B-00C04F79EFBC}") = "VRMShaders.GLTF.IO.Tests", "VRMShaders.GLTF.IO.Tests.csproj", "{72B7FC93-58A8-E3FF-7507-18FD12B72715}"
EndProject
Project("{FAE04EC0-301F-11D3-BF4B-00C04F79EFBC}") = "VRMShaders.GLTF.UniUnlit.Editor", "VRMShaders.GLTF.UniUnlit.Editor.csproj", "{7155C878-46BB-A66A-8B3C-D778CBA8B426}"
EndProject
Project("{FAE04EC0-301F-11D3-BF4B-00C04F79EFBC}") = "VRMShaders.GLTF.IO.Editor", "VRMShaders.GLTF.IO.Editor.csproj", "{B397AC0F-677E-6B3E-EDB5-3CFF8920F471}"
EndProject
Project("{FAE04EC0-301F-11D3-BF4B-00C04F79EFBC}") = "VRMShaders.VRM10.MToon10.Tests", "VRMShaders.VRM10.MToon10.Tests.csproj", "{1D6DFFEB-031D-1D03-2055-E3F80F95B988}"
EndProject
Project("{FAE04EC0-301F-11D3-BF4B-00C04F79EFBC}") = "VRM.Samples.Editor.Tests", "VRM.Samples.Editor.Tests.csproj", "{511F5D77-003B-4EF8-F374-693B3CFF0F58}"
EndProject
Project("{FAE04EC0-301F-11D3-BF4B-00C04F79EFBC}") = "VRMShaders.VRM.IO.Editor", "VRMShaders.VRM.IO.Editor.csproj", "{02047372-51AC-31C2-3314-EDFEE60AEB80}"
EndProject
Project("{FAE04EC0-301F-11D3-BF4B-00C04F79EFBC}") = "MToon.Editor", "MToon.Editor.csproj", "{A0F19DE5-C3B5-BB21-6F46-229226097F16}"
EndProject
Project("{FAE04EC0-301F-11D3-BF4B-00C04F79EFBC}") = "UniHumanoid.Editor.Tests", "UniHumanoid.Editor.Tests.csproj", "{FCE62081-6128-3A9D-6264-E515028852CE}"
EndProject
Project("{FAE04EC0-301F-11D3-BF4B-00C04F79EFBC}") = "ThryAssemblyDefinition", "ThryAssemblyDefinition.csproj", "{A967B632-F77E-A76C-A6EF-4FE3531F3D98}"
EndProject
Project("{FAE04EC0-301F-11D3-BF4B-00C04F79EFBC}") = "UnityEngine.TestRunner", "UnityEngine.TestRunner.Player.csproj", "{2E9BD927-BFEF-4B36-6945-5F17C8677C7D}"
EndProject
Project("{FAE04EC0-301F-11D3-BF4B-00C04F79EFBC}") = "Unity.Postprocessing.Runtime", "Unity.Postprocessing.Runtime.Player.csproj", "{002217DC-A0F7-14AF-20F3-3559997251F9}"
EndProject
Project("{FAE04EC0-301F-11D3-BF4B-00C04F79EFBC}") = "VRMShaders.VRM10.MToon10.Runtime", "VRMShaders.VRM10.MToon10.Runtime.Player.csproj", "{44209706-0993-F260-3A49-E99850ACF9F2}"
EndProject
Project("{FAE04EC0-301F-11D3-BF4B-00C04F79EFBC}") = "UniGLTF", "UniGLTF.Player.csproj", "{2659E563-4745-2449-5DEE-21E5EB17AD04}"
EndProject
Project("{FAE04EC0-301F-11D3-BF4B-00C04F79EFBC}") = "UnityEngine.UI", "UnityEngine.UI.Player.csproj", "{9487D902-C86D-AF6A-126B-885E7171C89E}"
EndProject
Project("{FAE04EC0-301F-11D3-BF4B-00C04F79EFBC}") = "Unity.TextMeshPro", "Unity.TextMeshPro.Player.csproj", "{A4A76D18-0AAE-485A-2450-8D1E9C050B90}"
EndProject
Project("{FAE04EC0-301F-11D3-BF4B-00C04F79EFBC}") = "Unity.Timeline", "Unity.Timeline.Player.csproj", "{34408968-2EFF-E48E-3617-0A13357CB82E}"
EndProject
Project("{FAE04EC0-301F-11D3-BF4B-00C04F79EFBC}") = "VRM", "VRM.Player.csproj", "{4098255F-E92C-2D59-88D8-5EA845F26CF8}"
EndProject
Project("{FAE04EC0-301F-11D3-BF4B-00C04F79EFBC}") = "FastSpringBone", "FastSpringBone.Player.csproj", "{564E49DF-56B8-8687-AA96-19B518A48B5C}"
EndProject
Project("{FAE04EC0-301F-11D3-BF4B-00C04F79EFBC}") = "VRMShaders.GLTF.IO.Runtime", "VRMShaders.GLTF.IO.Runtime.Player.csproj", "{5271B789-829F-2623-7BF0-B10AFF11863C}"
EndProject
Project("{FAE04EC0-301F-11D3-BF4B-00C04F79EFBC}") = "MToon", "MToon.Player.csproj", "{43F2F0A3-EE32-4914-177B-439BAC645833}"
EndProject
Project("{FAE04EC0-301F-11D3-BF4B-00C04F79EFBC}") = "UniHumanoid", "UniHumanoid.Player.csproj", "{515C746F-4D01-5CB0-0BBD-94EF91B7B39B}"
EndProject
Project("{FAE04EC0-301F-11D3-BF4B-00C04F79EFBC}") = "VRMShaders.GLTF.UniUnlit.Runtime", "VRMShaders.GLTF.UniUnlit.Runtime.Player.csproj", "{EB4A568C-EB17-AC12-A19A-1FE8E80D96EE}"
EndProject
Project("{FAE04EC0-301F-11D3-BF4B-00C04F79EFBC}") = "VRMShaders.VRM.IO.Runtime", "VRMShaders.VRM.IO.Runtime.Player.csproj", "{BA059B56-E8D8-CB4C-AFF3-C17965C0FC3D}"
EndProject
Project("{FAE04EC0-301F-11D3-BF4B-00C04F79EFBC}") = "Assembly-CSharp", "Assembly-CSharp.Player.csproj", "{F9CD6409-115F-6776-6D00-30CB116206AC}"
EndProject
Project("{FAE04EC0-301F-11D3-BF4B-00C04F79EFBC}") = "UniGLTF.Samples.ScreenSpace", "UniGLTF.Samples.ScreenSpace.Player.csproj", "{F9418BAA-BCA3-B170-1CC1-885FE80F9ED2}"
EndProject
Project("{FAE04EC0-301F-11D3-BF4B-00C04F79EFBC}") = "VRMShaders.VRM10.Format.Runtime", "VRMShaders.VRM10.Format.Runtime.Player.csproj", "{7B2F0F66-DB3A-C15D-4ABD-4C86839CE0BB}"
EndProject
Global
	GlobalSection(SolutionConfigurationPlatforms) = preSolution
		Debug|Any CPU = Debug|Any CPU
		Release|Any CPU = Release|Any CPU
	EndGlobalSection
	GlobalSection(ProjectConfigurationPlatforms) = postSolution
		{924D046E-BC00-7878-39C6-861004203D18}.Debug|Any CPU.ActiveCfg = Debug|Any CPU
		{924D046E-BC00-7878-39C6-861004203D18}.Debug|Any CPU.Build.0 = Debug|Any CPU
		{924D046E-BC00-7878-39C6-861004203D18}.Release|Any CPU.ActiveCfg = Release|Any CPU
		{924D046E-BC00-7878-39C6-861004203D18}.Release|Any CPU.Build.0 = Release|Any CPU
		{864C7FB0-2D91-1CE8-DA56-73F2EFCA43A4}.Debug|Any CPU.ActiveCfg = Debug|Any CPU
		{864C7FB0-2D91-1CE8-DA56-73F2EFCA43A4}.Debug|Any CPU.Build.0 = Debug|Any CPU
		{864C7FB0-2D91-1CE8-DA56-73F2EFCA43A4}.Release|Any CPU.ActiveCfg = Release|Any CPU
		{864C7FB0-2D91-1CE8-DA56-73F2EFCA43A4}.Release|Any CPU.Build.0 = Release|Any CPU
		{D01C6BC3-5DAB-E90E-1C40-EE0CAFE1D89B}.Debug|Any CPU.ActiveCfg = Debug|Any CPU
		{D01C6BC3-5DAB-E90E-1C40-EE0CAFE1D89B}.Debug|Any CPU.Build.0 = Debug|Any CPU
		{D01C6BC3-5DAB-E90E-1C40-EE0CAFE1D89B}.Release|Any CPU.ActiveCfg = Release|Any CPU
		{D01C6BC3-5DAB-E90E-1C40-EE0CAFE1D89B}.Release|Any CPU.Build.0 = Release|Any CPU
		{FAF6D856-A784-9F3B-337C-8834000D8B79}.Debug|Any CPU.ActiveCfg = Debug|Any CPU
		{FAF6D856-A784-9F3B-337C-8834000D8B79}.Debug|Any CPU.Build.0 = Debug|Any CPU
		{FAF6D856-A784-9F3B-337C-8834000D8B79}.Release|Any CPU.ActiveCfg = Release|Any CPU
		{FAF6D856-A784-9F3B-337C-8834000D8B79}.Release|Any CPU.Build.0 = Release|Any CPU
		{B1B96B5D-3524-00AA-AA4C-904A5ACC99C0}.Debug|Any CPU.ActiveCfg = Debug|Any CPU
		{B1B96B5D-3524-00AA-AA4C-904A5ACC99C0}.Debug|Any CPU.Build.0 = Debug|Any CPU
		{B1B96B5D-3524-00AA-AA4C-904A5ACC99C0}.Release|Any CPU.ActiveCfg = Release|Any CPU
		{B1B96B5D-3524-00AA-AA4C-904A5ACC99C0}.Release|Any CPU.Build.0 = Release|Any CPU
		{54C12D9C-1A68-BBEE-28DE-2BC191937BAD}.Debug|Any CPU.ActiveCfg = Debug|Any CPU
		{54C12D9C-1A68-BBEE-28DE-2BC191937BAD}.Debug|Any CPU.Build.0 = Debug|Any CPU
		{54C12D9C-1A68-BBEE-28DE-2BC191937BAD}.Release|Any CPU.ActiveCfg = Release|Any CPU
		{54C12D9C-1A68-BBEE-28DE-2BC191937BAD}.Release|Any CPU.Build.0 = Release|Any CPU
		{871F75F7-0D70-DF8B-2E52-DB25D9018FC7}.Debug|Any CPU.ActiveCfg = Debug|Any CPU
		{871F75F7-0D70-DF8B-2E52-DB25D9018FC7}.Debug|Any CPU.Build.0 = Debug|Any CPU
		{871F75F7-0D70-DF8B-2E52-DB25D9018FC7}.Release|Any CPU.ActiveCfg = Release|Any CPU
		{871F75F7-0D70-DF8B-2E52-DB25D9018FC7}.Release|Any CPU.Build.0 = Release|Any CPU
		{DE2891B2-98C5-5AB2-CFD0-E59584B76D75}.Debug|Any CPU.ActiveCfg = Debug|Any CPU
		{DE2891B2-98C5-5AB2-CFD0-E59584B76D75}.Debug|Any CPU.Build.0 = Debug|Any CPU
		{DE2891B2-98C5-5AB2-CFD0-E59584B76D75}.Release|Any CPU.ActiveCfg = Release|Any CPU
		{DE2891B2-98C5-5AB2-CFD0-E59584B76D75}.Release|Any CPU.Build.0 = Release|Any CPU
		{7A522A01-C8AB-EAE5-BE7A-4B20D96618EF}.Debug|Any CPU.ActiveCfg = Debug|Any CPU
		{7A522A01-C8AB-EAE5-BE7A-4B20D96618EF}.Debug|Any CPU.Build.0 = Debug|Any CPU
		{7A522A01-C8AB-EAE5-BE7A-4B20D96618EF}.Release|Any CPU.ActiveCfg = Release|Any CPU
		{7A522A01-C8AB-EAE5-BE7A-4B20D96618EF}.Release|Any CPU.Build.0 = Release|Any CPU
		{0E78612B-8EFB-2B3E-DA58-B1B225681525}.Debug|Any CPU.ActiveCfg = Debug|Any CPU
		{0E78612B-8EFB-2B3E-DA58-B1B225681525}.Debug|Any CPU.Build.0 = Debug|Any CPU
		{0E78612B-8EFB-2B3E-DA58-B1B225681525}.Release|Any CPU.ActiveCfg = Release|Any CPU
		{0E78612B-8EFB-2B3E-DA58-B1B225681525}.Release|Any CPU.Build.0 = Release|Any CPU
		{769ABE06-830C-8C1C-4CDD-0D040FCB88C1}.Debug|Any CPU.ActiveCfg = Debug|Any CPU
		{769ABE06-830C-8C1C-4CDD-0D040FCB88C1}.Debug|Any CPU.Build.0 = Debug|Any CPU
		{769ABE06-830C-8C1C-4CDD-0D040FCB88C1}.Release|Any CPU.ActiveCfg = Release|Any CPU
		{769ABE06-830C-8C1C-4CDD-0D040FCB88C1}.Release|Any CPU.Build.0 = Release|Any CPU
		{7FC241DB-B14B-34B7-B085-5B91337C9B68}.Debug|Any CPU.ActiveCfg = Debug|Any CPU
		{7FC241DB-B14B-34B7-B085-5B91337C9B68}.Debug|Any CPU.Build.0 = Debug|Any CPU
		{7FC241DB-B14B-34B7-B085-5B91337C9B68}.Release|Any CPU.ActiveCfg = Release|Any CPU
		{7FC241DB-B14B-34B7-B085-5B91337C9B68}.Release|Any CPU.Build.0 = Release|Any CPU
		{6B7151B6-3B91-D8E2-3914-C92E9A9A7129}.Debug|Any CPU.ActiveCfg = Debug|Any CPU
		{6B7151B6-3B91-D8E2-3914-C92E9A9A7129}.Debug|Any CPU.Build.0 = Debug|Any CPU
		{6B7151B6-3B91-D8E2-3914-C92E9A9A7129}.Release|Any CPU.ActiveCfg = Release|Any CPU
		{6B7151B6-3B91-D8E2-3914-C92E9A9A7129}.Release|Any CPU.Build.0 = Release|Any CPU
		{262CC8BA-D839-FBE1-FC3C-25374C424A85}.Debug|Any CPU.ActiveCfg = Debug|Any CPU
		{262CC8BA-D839-FBE1-FC3C-25374C424A85}.Debug|Any CPU.Build.0 = Debug|Any CPU
		{262CC8BA-D839-FBE1-FC3C-25374C424A85}.Release|Any CPU.ActiveCfg = Release|Any CPU
		{262CC8BA-D839-FBE1-FC3C-25374C424A85}.Release|Any CPU.Build.0 = Release|Any CPU
		{30455627-0C9E-C059-D5EF-669FC1082DB9}.Debug|Any CPU.ActiveCfg = Debug|Any CPU
		{30455627-0C9E-C059-D5EF-669FC1082DB9}.Debug|Any CPU.Build.0 = Debug|Any CPU
		{30455627-0C9E-C059-D5EF-669FC1082DB9}.Release|Any CPU.ActiveCfg = Release|Any CPU
		{30455627-0C9E-C059-D5EF-669FC1082DB9}.Release|Any CPU.Build.0 = Release|Any CPU
		{3D16C0A7-94F6-0EF0-2BD5-1956D81FB148}.Debug|Any CPU.ActiveCfg = Debug|Any CPU
		{3D16C0A7-94F6-0EF0-2BD5-1956D81FB148}.Debug|Any CPU.Build.0 = Debug|Any CPU
		{3D16C0A7-94F6-0EF0-2BD5-1956D81FB148}.Release|Any CPU.ActiveCfg = Release|Any CPU
		{3D16C0A7-94F6-0EF0-2BD5-1956D81FB148}.Release|Any CPU.Build.0 = Release|Any CPU
		{CD3FC38B-9A18-2FA6-434E-4A7CEEB9B281}.Debug|Any CPU.ActiveCfg = Debug|Any CPU
		{CD3FC38B-9A18-2FA6-434E-4A7CEEB9B281}.Debug|Any CPU.Build.0 = Debug|Any CPU
		{CD3FC38B-9A18-2FA6-434E-4A7CEEB9B281}.Release|Any CPU.ActiveCfg = Release|Any CPU
		{CD3FC38B-9A18-2FA6-434E-4A7CEEB9B281}.Release|Any CPU.Build.0 = Release|Any CPU
		{0075D654-2487-81FD-2632-FFB4F2D7ACFC}.Debug|Any CPU.ActiveCfg = Debug|Any CPU
		{0075D654-2487-81FD-2632-FFB4F2D7ACFC}.Debug|Any CPU.Build.0 = Debug|Any CPU
		{0075D654-2487-81FD-2632-FFB4F2D7ACFC}.Release|Any CPU.ActiveCfg = Release|Any CPU
		{0075D654-2487-81FD-2632-FFB4F2D7ACFC}.Release|Any CPU.Build.0 = Release|Any CPU
		{251CD6E0-BC43-5D10-2723-28A7A68B90D9}.Debug|Any CPU.ActiveCfg = Debug|Any CPU
		{251CD6E0-BC43-5D10-2723-28A7A68B90D9}.Debug|Any CPU.Build.0 = Debug|Any CPU
		{251CD6E0-BC43-5D10-2723-28A7A68B90D9}.Release|Any CPU.ActiveCfg = Release|Any CPU
		{251CD6E0-BC43-5D10-2723-28A7A68B90D9}.Release|Any CPU.Build.0 = Release|Any CPU
		{09E31E5D-ECAB-3213-A467-2B50E282536B}.Debug|Any CPU.ActiveCfg = Debug|Any CPU
		{09E31E5D-ECAB-3213-A467-2B50E282536B}.Debug|Any CPU.Build.0 = Debug|Any CPU
		{09E31E5D-ECAB-3213-A467-2B50E282536B}.Release|Any CPU.ActiveCfg = Release|Any CPU
		{09E31E5D-ECAB-3213-A467-2B50E282536B}.Release|Any CPU.Build.0 = Release|Any CPU
		{215FB9B7-F1B3-6D5D-F41B-8CB259880426}.Debug|Any CPU.ActiveCfg = Debug|Any CPU
		{215FB9B7-F1B3-6D5D-F41B-8CB259880426}.Debug|Any CPU.Build.0 = Debug|Any CPU
		{215FB9B7-F1B3-6D5D-F41B-8CB259880426}.Release|Any CPU.ActiveCfg = Release|Any CPU
		{215FB9B7-F1B3-6D5D-F41B-8CB259880426}.Release|Any CPU.Build.0 = Release|Any CPU
		{E4C3CA5A-5837-E501-6B63-6A61DE07A51A}.Debug|Any CPU.ActiveCfg = Debug|Any CPU
		{E4C3CA5A-5837-E501-6B63-6A61DE07A51A}.Debug|Any CPU.Build.0 = Debug|Any CPU
		{E4C3CA5A-5837-E501-6B63-6A61DE07A51A}.Release|Any CPU.ActiveCfg = Release|Any CPU
		{E4C3CA5A-5837-E501-6B63-6A61DE07A51A}.Release|Any CPU.Build.0 = Release|Any CPU
		{9F2B4FE1-7773-6A68-D3E1-CD2CDC58E743}.Debug|Any CPU.ActiveCfg = Debug|Any CPU
		{9F2B4FE1-7773-6A68-D3E1-CD2CDC58E743}.Debug|Any CPU.Build.0 = Debug|Any CPU
		{9F2B4FE1-7773-6A68-D3E1-CD2CDC58E743}.Release|Any CPU.ActiveCfg = Release|Any CPU
		{9F2B4FE1-7773-6A68-D3E1-CD2CDC58E743}.Release|Any CPU.Build.0 = Release|Any CPU
		{B7E13671-D6C0-0B4F-669A-845CBF54D53C}.Debug|Any CPU.ActiveCfg = Debug|Any CPU
		{B7E13671-D6C0-0B4F-669A-845CBF54D53C}.Debug|Any CPU.Build.0 = Debug|Any CPU
		{B7E13671-D6C0-0B4F-669A-845CBF54D53C}.Release|Any CPU.ActiveCfg = Release|Any CPU
		{B7E13671-D6C0-0B4F-669A-845CBF54D53C}.Release|Any CPU.Build.0 = Release|Any CPU
		{71516F83-EC62-5584-0DB5-6229B50CFC91}.Debug|Any CPU.ActiveCfg = Debug|Any CPU
		{71516F83-EC62-5584-0DB5-6229B50CFC91}.Debug|Any CPU.Build.0 = Debug|Any CPU
		{71516F83-EC62-5584-0DB5-6229B50CFC91}.Release|Any CPU.ActiveCfg = Release|Any CPU
		{71516F83-EC62-5584-0DB5-6229B50CFC91}.Release|Any CPU.Build.0 = Release|Any CPU
		{34370B35-9CA1-7846-0A94-FA2D4BBB95C7}.Debug|Any CPU.ActiveCfg = Debug|Any CPU
		{34370B35-9CA1-7846-0A94-FA2D4BBB95C7}.Debug|Any CPU.Build.0 = Debug|Any CPU
		{34370B35-9CA1-7846-0A94-FA2D4BBB95C7}.Release|Any CPU.ActiveCfg = Release|Any CPU
		{34370B35-9CA1-7846-0A94-FA2D4BBB95C7}.Release|Any CPU.Build.0 = Release|Any CPU
		{8B6293E9-562B-9C6F-1530-43B32B8FB839}.Debug|Any CPU.ActiveCfg = Debug|Any CPU
		{8B6293E9-562B-9C6F-1530-43B32B8FB839}.Debug|Any CPU.Build.0 = Debug|Any CPU
		{8B6293E9-562B-9C6F-1530-43B32B8FB839}.Release|Any CPU.ActiveCfg = Release|Any CPU
		{8B6293E9-562B-9C6F-1530-43B32B8FB839}.Release|Any CPU.Build.0 = Release|Any CPU
		{D8CB62E9-4BAC-9B26-D16D-64971202E001}.Debug|Any CPU.ActiveCfg = Debug|Any CPU
		{D8CB62E9-4BAC-9B26-D16D-64971202E001}.Debug|Any CPU.Build.0 = Debug|Any CPU
		{D8CB62E9-4BAC-9B26-D16D-64971202E001}.Release|Any CPU.ActiveCfg = Release|Any CPU
		{D8CB62E9-4BAC-9B26-D16D-64971202E001}.Release|Any CPU.Build.0 = Release|Any CPU
		{56A40766-48CE-3224-B31C-D097794A27BC}.Debug|Any CPU.ActiveCfg = Debug|Any CPU
		{56A40766-48CE-3224-B31C-D097794A27BC}.Debug|Any CPU.Build.0 = Debug|Any CPU
		{56A40766-48CE-3224-B31C-D097794A27BC}.Release|Any CPU.ActiveCfg = Release|Any CPU
		{56A40766-48CE-3224-B31C-D097794A27BC}.Release|Any CPU.Build.0 = Release|Any CPU
		{355C57B9-B51C-09EA-7FA9-DE3C61B610CF}.Debug|Any CPU.ActiveCfg = Debug|Any CPU
		{355C57B9-B51C-09EA-7FA9-DE3C61B610CF}.Debug|Any CPU.Build.0 = Debug|Any CPU
		{355C57B9-B51C-09EA-7FA9-DE3C61B610CF}.Release|Any CPU.ActiveCfg = Release|Any CPU
		{355C57B9-B51C-09EA-7FA9-DE3C61B610CF}.Release|Any CPU.Build.0 = Release|Any CPU
		{A96D5804-4348-D88C-343A-88B729260123}.Debug|Any CPU.ActiveCfg = Debug|Any CPU
		{A96D5804-4348-D88C-343A-88B729260123}.Debug|Any CPU.Build.0 = Debug|Any CPU
		{A96D5804-4348-D88C-343A-88B729260123}.Release|Any CPU.ActiveCfg = Release|Any CPU
		{A96D5804-4348-D88C-343A-88B729260123}.Release|Any CPU.Build.0 = Release|Any CPU
		{9F3848FE-7608-4432-CBE5-3C04D4F8C594}.Debug|Any CPU.ActiveCfg = Debug|Any CPU
		{9F3848FE-7608-4432-CBE5-3C04D4F8C594}.Debug|Any CPU.Build.0 = Debug|Any CPU
		{9F3848FE-7608-4432-CBE5-3C04D4F8C594}.Release|Any CPU.ActiveCfg = Release|Any CPU
		{9F3848FE-7608-4432-CBE5-3C04D4F8C594}.Release|Any CPU.Build.0 = Release|Any CPU
		{4DF5396D-A80A-C556-5F0B-2859035DCDDA}.Debug|Any CPU.ActiveCfg = Debug|Any CPU
		{4DF5396D-A80A-C556-5F0B-2859035DCDDA}.Debug|Any CPU.Build.0 = Debug|Any CPU
		{4DF5396D-A80A-C556-5F0B-2859035DCDDA}.Release|Any CPU.ActiveCfg = Release|Any CPU
		{4DF5396D-A80A-C556-5F0B-2859035DCDDA}.Release|Any CPU.Build.0 = Release|Any CPU
		{2A031288-1084-B062-003A-F394088B0F76}.Debug|Any CPU.ActiveCfg = Debug|Any CPU
		{2A031288-1084-B062-003A-F394088B0F76}.Debug|Any CPU.Build.0 = Debug|Any CPU
		{2A031288-1084-B062-003A-F394088B0F76}.Release|Any CPU.ActiveCfg = Release|Any CPU
		{2A031288-1084-B062-003A-F394088B0F76}.Release|Any CPU.Build.0 = Release|Any CPU
		{72B7FC93-58A8-E3FF-7507-18FD12B72715}.Debug|Any CPU.ActiveCfg = Debug|Any CPU
		{72B7FC93-58A8-E3FF-7507-18FD12B72715}.Debug|Any CPU.Build.0 = Debug|Any CPU
		{72B7FC93-58A8-E3FF-7507-18FD12B72715}.Release|Any CPU.ActiveCfg = Release|Any CPU
		{72B7FC93-58A8-E3FF-7507-18FD12B72715}.Release|Any CPU.Build.0 = Release|Any CPU
		{7155C878-46BB-A66A-8B3C-D778CBA8B426}.Debug|Any CPU.ActiveCfg = Debug|Any CPU
		{7155C878-46BB-A66A-8B3C-D778CBA8B426}.Debug|Any CPU.Build.0 = Debug|Any CPU
		{7155C878-46BB-A66A-8B3C-D778CBA8B426}.Release|Any CPU.ActiveCfg = Release|Any CPU
		{7155C878-46BB-A66A-8B3C-D778CBA8B426}.Release|Any CPU.Build.0 = Release|Any CPU
		{B397AC0F-677E-6B3E-EDB5-3CFF8920F471}.Debug|Any CPU.ActiveCfg = Debug|Any CPU
		{B397AC0F-677E-6B3E-EDB5-3CFF8920F471}.Debug|Any CPU.Build.0 = Debug|Any CPU
		{B397AC0F-677E-6B3E-EDB5-3CFF8920F471}.Release|Any CPU.ActiveCfg = Release|Any CPU
		{B397AC0F-677E-6B3E-EDB5-3CFF8920F471}.Release|Any CPU.Build.0 = Release|Any CPU
		{1D6DFFEB-031D-1D03-2055-E3F80F95B988}.Debug|Any CPU.ActiveCfg = Debug|Any CPU
		{1D6DFFEB-031D-1D03-2055-E3F80F95B988}.Debug|Any CPU.Build.0 = Debug|Any CPU
		{1D6DFFEB-031D-1D03-2055-E3F80F95B988}.Release|Any CPU.ActiveCfg = Release|Any CPU
		{1D6DFFEB-031D-1D03-2055-E3F80F95B988}.Release|Any CPU.Build.0 = Release|Any CPU
		{511F5D77-003B-4EF8-F374-693B3CFF0F58}.Debug|Any CPU.ActiveCfg = Debug|Any CPU
		{511F5D77-003B-4EF8-F374-693B3CFF0F58}.Debug|Any CPU.Build.0 = Debug|Any CPU
		{511F5D77-003B-4EF8-F374-693B3CFF0F58}.Release|Any CPU.ActiveCfg = Release|Any CPU
		{511F5D77-003B-4EF8-F374-693B3CFF0F58}.Release|Any CPU.Build.0 = Release|Any CPU
		{02047372-51AC-31C2-3314-EDFEE60AEB80}.Debug|Any CPU.ActiveCfg = Debug|Any CPU
		{02047372-51AC-31C2-3314-EDFEE60AEB80}.Debug|Any CPU.Build.0 = Debug|Any CPU
		{02047372-51AC-31C2-3314-EDFEE60AEB80}.Release|Any CPU.ActiveCfg = Release|Any CPU
		{02047372-51AC-31C2-3314-EDFEE60AEB80}.Release|Any CPU.Build.0 = Release|Any CPU
		{A0F19DE5-C3B5-BB21-6F46-229226097F16}.Debug|Any CPU.ActiveCfg = Debug|Any CPU
		{A0F19DE5-C3B5-BB21-6F46-229226097F16}.Debug|Any CPU.Build.0 = Debug|Any CPU
		{A0F19DE5-C3B5-BB21-6F46-229226097F16}.Release|Any CPU.ActiveCfg = Release|Any CPU
		{A0F19DE5-C3B5-BB21-6F46-229226097F16}.Release|Any CPU.Build.0 = Release|Any CPU
		{FCE62081-6128-3A9D-6264-E515028852CE}.Debug|Any CPU.ActiveCfg = Debug|Any CPU
		{FCE62081-6128-3A9D-6264-E515028852CE}.Debug|Any CPU.Build.0 = Debug|Any CPU
		{FCE62081-6128-3A9D-6264-E515028852CE}.Release|Any CPU.ActiveCfg = Release|Any CPU
		{FCE62081-6128-3A9D-6264-E515028852CE}.Release|Any CPU.Build.0 = Release|Any CPU
		{A967B632-F77E-A76C-A6EF-4FE3531F3D98}.Debug|Any CPU.ActiveCfg = Debug|Any CPU
		{A967B632-F77E-A76C-A6EF-4FE3531F3D98}.Debug|Any CPU.Build.0 = Debug|Any CPU
		{A967B632-F77E-A76C-A6EF-4FE3531F3D98}.Release|Any CPU.ActiveCfg = Release|Any CPU
		{A967B632-F77E-A76C-A6EF-4FE3531F3D98}.Release|Any CPU.Build.0 = Release|Any CPU
		{2E9BD927-BFEF-4B36-6945-5F17C8677C7D}.Debug|Any CPU.ActiveCfg = Debug|Any CPU
		{2E9BD927-BFEF-4B36-6945-5F17C8677C7D}.Debug|Any CPU.Build.0 = Debug|Any CPU
		{2E9BD927-BFEF-4B36-6945-5F17C8677C7D}.Release|Any CPU.ActiveCfg = Release|Any CPU
		{2E9BD927-BFEF-4B36-6945-5F17C8677C7D}.Release|Any CPU.Build.0 = Release|Any CPU
		{002217DC-A0F7-14AF-20F3-3559997251F9}.Debug|Any CPU.ActiveCfg = Debug|Any CPU
		{002217DC-A0F7-14AF-20F3-3559997251F9}.Debug|Any CPU.Build.0 = Debug|Any CPU
		{002217DC-A0F7-14AF-20F3-3559997251F9}.Release|Any CPU.ActiveCfg = Release|Any CPU
		{002217DC-A0F7-14AF-20F3-3559997251F9}.Release|Any CPU.Build.0 = Release|Any CPU
		{44209706-0993-F260-3A49-E99850ACF9F2}.Debug|Any CPU.ActiveCfg = Debug|Any CPU
		{44209706-0993-F260-3A49-E99850ACF9F2}.Debug|Any CPU.Build.0 = Debug|Any CPU
		{44209706-0993-F260-3A49-E99850ACF9F2}.Release|Any CPU.ActiveCfg = Release|Any CPU
		{44209706-0993-F260-3A49-E99850ACF9F2}.Release|Any CPU.Build.0 = Release|Any CPU
		{2659E563-4745-2449-5DEE-21E5EB17AD04}.Debug|Any CPU.ActiveCfg = Debug|Any CPU
		{2659E563-4745-2449-5DEE-21E5EB17AD04}.Debug|Any CPU.Build.0 = Debug|Any CPU
		{2659E563-4745-2449-5DEE-21E5EB17AD04}.Release|Any CPU.ActiveCfg = Release|Any CPU
		{2659E563-4745-2449-5DEE-21E5EB17AD04}.Release|Any CPU.Build.0 = Release|Any CPU
		{9487D902-C86D-AF6A-126B-885E7171C89E}.Debug|Any CPU.ActiveCfg = Debug|Any CPU
		{9487D902-C86D-AF6A-126B-885E7171C89E}.Debug|Any CPU.Build.0 = Debug|Any CPU
		{9487D902-C86D-AF6A-126B-885E7171C89E}.Release|Any CPU.ActiveCfg = Release|Any CPU
		{9487D902-C86D-AF6A-126B-885E7171C89E}.Release|Any CPU.Build.0 = Release|Any CPU
		{A4A76D18-0AAE-485A-2450-8D1E9C050B90}.Debug|Any CPU.ActiveCfg = Debug|Any CPU
		{A4A76D18-0AAE-485A-2450-8D1E9C050B90}.Debug|Any CPU.Build.0 = Debug|Any CPU
		{A4A76D18-0AAE-485A-2450-8D1E9C050B90}.Release|Any CPU.ActiveCfg = Release|Any CPU
		{A4A76D18-0AAE-485A-2450-8D1E9C050B90}.Release|Any CPU.Build.0 = Release|Any CPU
		{34408968-2EFF-E48E-3617-0A13357CB82E}.Debug|Any CPU.ActiveCfg = Debug|Any CPU
		{34408968-2EFF-E48E-3617-0A13357CB82E}.Debug|Any CPU.Build.0 = Debug|Any CPU
		{34408968-2EFF-E48E-3617-0A13357CB82E}.Release|Any CPU.ActiveCfg = Release|Any CPU
		{34408968-2EFF-E48E-3617-0A13357CB82E}.Release|Any CPU.Build.0 = Release|Any CPU
		{4098255F-E92C-2D59-88D8-5EA845F26CF8}.Debug|Any CPU.ActiveCfg = Debug|Any CPU
		{4098255F-E92C-2D59-88D8-5EA845F26CF8}.Debug|Any CPU.Build.0 = Debug|Any CPU
		{4098255F-E92C-2D59-88D8-5EA845F26CF8}.Release|Any CPU.ActiveCfg = Release|Any CPU
		{4098255F-E92C-2D59-88D8-5EA845F26CF8}.Release|Any CPU.Build.0 = Release|Any CPU
		{564E49DF-56B8-8687-AA96-19B518A48B5C}.Debug|Any CPU.ActiveCfg = Debug|Any CPU
		{564E49DF-56B8-8687-AA96-19B518A48B5C}.Debug|Any CPU.Build.0 = Debug|Any CPU
		{564E49DF-56B8-8687-AA96-19B518A48B5C}.Release|Any CPU.ActiveCfg = Release|Any CPU
		{564E49DF-56B8-8687-AA96-19B518A48B5C}.Release|Any CPU.Build.0 = Release|Any CPU
		{5271B789-829F-2623-7BF0-B10AFF11863C}.Debug|Any CPU.ActiveCfg = Debug|Any CPU
		{5271B789-829F-2623-7BF0-B10AFF11863C}.Debug|Any CPU.Build.0 = Debug|Any CPU
		{5271B789-829F-2623-7BF0-B10AFF11863C}.Release|Any CPU.ActiveCfg = Release|Any CPU
		{5271B789-829F-2623-7BF0-B10AFF11863C}.Release|Any CPU.Build.0 = Release|Any CPU
		{43F2F0A3-EE32-4914-177B-439BAC645833}.Debug|Any CPU.ActiveCfg = Debug|Any CPU
		{43F2F0A3-EE32-4914-177B-439BAC645833}.Debug|Any CPU.Build.0 = Debug|Any CPU
		{43F2F0A3-EE32-4914-177B-439BAC645833}.Release|Any CPU.ActiveCfg = Release|Any CPU
		{43F2F0A3-EE32-4914-177B-439BAC645833}.Release|Any CPU.Build.0 = Release|Any CPU
		{515C746F-4D01-5CB0-0BBD-94EF91B7B39B}.Debug|Any CPU.ActiveCfg = Debug|Any CPU
		{515C746F-4D01-5CB0-0BBD-94EF91B7B39B}.Debug|Any CPU.Build.0 = Debug|Any CPU
		{515C746F-4D01-5CB0-0BBD-94EF91B7B39B}.Release|Any CPU.ActiveCfg = Release|Any CPU
		{515C746F-4D01-5CB0-0BBD-94EF91B7B39B}.Release|Any CPU.Build.0 = Release|Any CPU
		{EB4A568C-EB17-AC12-A19A-1FE8E80D96EE}.Debug|Any CPU.ActiveCfg = Debug|Any CPU
		{EB4A568C-EB17-AC12-A19A-1FE8E80D96EE}.Debug|Any CPU.Build.0 = Debug|Any CPU
		{EB4A568C-EB17-AC12-A19A-1FE8E80D96EE}.Release|Any CPU.ActiveCfg = Release|Any CPU
		{EB4A568C-EB17-AC12-A19A-1FE8E80D96EE}.Release|Any CPU.Build.0 = Release|Any CPU
		{BA059B56-E8D8-CB4C-AFF3-C17965C0FC3D}.Debug|Any CPU.ActiveCfg = Debug|Any CPU
		{BA059B56-E8D8-CB4C-AFF3-C17965C0FC3D}.Debug|Any CPU.Build.0 = Debug|Any CPU
		{BA059B56-E8D8-CB4C-AFF3-C17965C0FC3D}.Release|Any CPU.ActiveCfg = Release|Any CPU
		{BA059B56-E8D8-CB4C-AFF3-C17965C0FC3D}.Release|Any CPU.Build.0 = Release|Any CPU
		{F9CD6409-115F-6776-6D00-30CB116206AC}.Debug|Any CPU.ActiveCfg = Debug|Any CPU
		{F9CD6409-115F-6776-6D00-30CB116206AC}.Debug|Any CPU.Build.0 = Debug|Any CPU
		{F9CD6409-115F-6776-6D00-30CB116206AC}.Release|Any CPU.ActiveCfg = Release|Any CPU
		{F9CD6409-115F-6776-6D00-30CB116206AC}.Release|Any CPU.Build.0 = Release|Any CPU
		{F9418BAA-BCA3-B170-1CC1-885FE80F9ED2}.Debug|Any CPU.ActiveCfg = Debug|Any CPU
		{F9418BAA-BCA3-B170-1CC1-885FE80F9ED2}.Debug|Any CPU.Build.0 = Debug|Any CPU
		{F9418BAA-BCA3-B170-1CC1-885FE80F9ED2}.Release|Any CPU.ActiveCfg = Release|Any CPU
		{F9418BAA-BCA3-B170-1CC1-885FE80F9ED2}.Release|Any CPU.Build.0 = Release|Any CPU
		{7B2F0F66-DB3A-C15D-4ABD-4C86839CE0BB}.Debug|Any CPU.ActiveCfg = Debug|Any CPU
		{7B2F0F66-DB3A-C15D-4ABD-4C86839CE0BB}.Debug|Any CPU.Build.0 = Debug|Any CPU
		{7B2F0F66-DB3A-C15D-4ABD-4C86839CE0BB}.Release|Any CPU.ActiveCfg = Release|Any CPU
		{7B2F0F66-DB3A-C15D-4ABD-4C86839CE0BB}.Release|Any CPU.Build.0 = Release|Any CPU
	EndGlobalSection
	GlobalSection(SolutionProperties) = preSolution
		HideSolutionNode = FALSE
	EndGlobalSection
EndGlobal
